
Microsoft Visual Studio Solution File, Format Version 12.00
# Visual Studio Version 17
VisualStudioVersion = 17.11.35327.3
MinimumVisualStudioVersion = 10.0.40219.1
Project("{FAE04EC0-301F-11D3-BF4B-00C04F79EFBC}") = "Vjezba5", "Vjezba5\Vjezba5.csproj", "{A9068B69-B084-4628-8B91-F59F11DD1AA9}"
EndProject
Global
	GlobalSection(SolutionConfigurationPlatforms) = preSolution
		Debug|Any CPU = Debug|Any CPU
		Release|Any CPU = Release|Any CPU
	EndGlobalSection
	GlobalSection(ProjectConfigurationPlatforms) = postSolution
		{A9068B69-B084-4628-8B91-F59F11DD1AA9}.Debug|Any CPU.ActiveCfg = Debug|Any CPU
		{A9068B69-B084-4628-8B91-F59F11DD1AA9}.Debug|Any CPU.Build.0 = Debug|Any CPU
		{A9068B69-B084-4628-8B91-F59F11DD1AA9}.Release|Any CPU.ActiveCfg = Release|Any CPU
		{A9068B69-B084-4628-8B91-F59F11DD1AA9}.Release|Any CPU.Build.0 = Release|Any CPU
	EndGlobalSection
	GlobalSection(SolutionProperties) = preSolution
		HideSolutionNode = FALSE
	EndGlobalSection
	GlobalSection(ExtensibilityGlobals) = postSolution
		SolutionGuid = {68092C00-F2CD-4955-96BE-3DDE5BC501CE}
	EndGlobalSection
EndGlobal
